
Microsoft Visual Studio Solution File, Format Version 12.00
# Visual Studio Version 17
VisualStudioVersion = 17.13.35825.156 d17.13
MinimumVisualStudioVersion = 10.0.40219.1
Project("{FAE04EC0-301F-11D3-BF4B-00C04F79EFBC}") = "DZ1", "DZ1\DZ1.csproj", "{8B764529-583C-4841-8DEB-3EBBD4D7B010}"
EndProject
Project("{FAE04EC0-301F-11D3-BF4B-00C04F79EFBC}") = "ClassLibrary1", "ClassLibrary1\ClassLibrary1.csproj", "{BD057DAF-DF0F-47DC-AB61-F641D1FF42C0}"
EndProject
Global
	GlobalSection(SolutionConfigurationPlatforms) = preSolution
		Debug|Any CPU = Debug|Any CPU
		Release|Any CPU = Release|Any CPU
	EndGlobalSection
	GlobalSection(ProjectConfigurationPlatforms) = postSolution
		{8B764529-583C-4841-8DEB-3EBBD4D7B010}.Debug|Any CPU.ActiveCfg = Debug|Any CPU
		{8B764529-583C-4841-8DEB-3EBBD4D7B010}.Debug|Any CPU.Build.0 = Debug|Any CPU
		{8B764529-583C-4841-8DEB-3EBBD4D7B010}.Release|Any CPU.ActiveCfg = Release|Any CPU
		{8B764529-583C-4841-8DEB-3EBBD4D7B010}.Release|Any CPU.Build.0 = Release|Any CPU
		{BD057DAF-DF0F-47DC-AB61-F641D1FF42C0}.Debug|Any CPU.ActiveCfg = Debug|Any CPU
		{BD057DAF-DF0F-47DC-AB61-F641D1FF42C0}.Debug|Any CPU.Build.0 = Debug|Any CPU
		{BD057DAF-DF0F-47DC-AB61-F641D1FF42C0}.Release|Any CPU.ActiveCfg = Release|Any CPU
		{BD057DAF-DF0F-47DC-AB61-F641D1FF42C0}.Release|Any CPU.Build.0 = Release|Any CPU
	EndGlobalSection
	GlobalSection(SolutionProperties) = preSolution
		HideSolutionNode = FALSE
	EndGlobalSection
	GlobalSection(ExtensibilityGlobals) = postSolution
		SolutionGuid = {3C943C5A-43D8-41FC-8172-7117F7C0E416}
	EndGlobalSection
EndGlobal
